
Microsoft Visual Studio Solution File, Format Version 12.00
# Visual Studio Version 17
VisualStudioVersion = 17.1.32210.238
MinimumVisualStudioVersion = 10.0.40219.1
Project("{FAE04EC0-301F-11D3-BF4B-00C04F79EFBC}") = "LABCOMPRAS22", "LABCOMPRAS22\LABCOMPRAS22.csproj", "{EE884DF5-4363-48E9-815A-511F790E44D6}"
EndProject
Global
	GlobalSection(SolutionConfigurationPlatforms) = preSolution
		Debug|Any CPU = Debug|Any CPU
		Release|Any CPU = Release|Any CPU
	EndGlobalSection
	GlobalSection(ProjectConfigurationPlatforms) = postSolution
		{EE884DF5-4363-48E9-815A-511F790E44D6}.Debug|Any CPU.ActiveCfg = Debug|Any CPU
		{EE884DF5-4363-48E9-815A-511F790E44D6}.Debug|Any CPU.Build.0 = Debug|Any CPU
		{EE884DF5-4363-48E9-815A-511F790E44D6}.Release|Any CPU.ActiveCfg = Release|Any CPU
		{EE884DF5-4363-48E9-815A-511F790E44D6}.Release|Any CPU.Build.0 = Release|Any CPU
	EndGlobalSection
	GlobalSection(SolutionProperties) = preSolution
		HideSolutionNode = FALSE
	EndGlobalSection
	GlobalSection(ExtensibilityGlobals) = postSolution
		SolutionGuid = {4A0EF8D9-2CD7-47BD-BF5B-5FBCFD69AB56}
	EndGlobalSection
EndGlobal
